
Microsoft Visual Studio Solution File, Format Version 12.00
# Visual Studio Version 16
VisualStudioVersion = 16.0.29230.61
MinimumVisualStudioVersion = 10.0.40219.1
Project("{2150E333-8FDC-42A3-9474-1A3956D46DE8}") = "Main", "Main", "{CC6FCCB1-9716-4910-8909-25106F959382}"
EndProject
Project("{2150E333-8FDC-42A3-9474-1A3956D46DE8}") = "Business", "Business", "{AAF76669-8182-4C1E-9DD1-EED3490F46C1}"
EndProject
Project("{2150E333-8FDC-42A3-9474-1A3956D46DE8}") = "Manager", "Manager", "{DEB5DF79-E01C-4979-A950-4C967F6254D4}"
EndProject
Project("{FAE04EC0-301F-11D3-BF4B-00C04F79EFBC}") = "SYS", "Projects\SYS\SYS.csproj", "{B15F1827-9851-44EF-8168-59855379C9B2}"
EndProject
Project("{FAE04EC0-301F-11D3-BF4B-00C04F79EFBC}") = "ORD", "Projects\ORD\ORD.csproj", "{FC7C284D-DAE3-4C4F-9EC4-9CC444C1D71A}"
EndProject
Project("{FAE04EC0-301F-11D3-BF4B-00C04F79EFBC}") = "POP", "Projects\POP\POP.csproj", "{1090360B-9952-4BDA-A380-C4C9B9537C6C}"
EndProject
Project("{FAE04EC0-301F-11D3-BF4B-00C04F79EFBC}") = "STD", "Projects\STD\STD.csproj", "{55CA0C64-6D97-42F4-A8D9-FE47BD3E99A2}"
EndProject
Project("{FAE04EC0-301F-11D3-BF4B-00C04F79EFBC}") = "REP", "Projects\REP\REP.csproj", "{A6DF5EEC-7775-4ADA-B376-3E38EB647F8D}"
EndProject
Project("{FAE04EC0-301F-11D3-BF4B-00C04F79EFBC}") = "LocalizationManager", "Projects\LocalizationManager\LocalizationManager.csproj", "{640646B2-D5A0-482A-96B7-B7AB35C7875B}"
EndProject
Project("{FAE04EC0-301F-11D3-BF4B-00C04F79EFBC}") = "AppManager", "Projects\AppManager\AppManager.csproj", "{810CDA48-CC1B-4A62-A819-D1555C2A2B33}"
EndProject
Project("{FAE04EC0-301F-11D3-BF4B-00C04F79EFBC}") = "ReportManager", "Projects\ReportManager\ReportManager.csproj", "{24235D77-189C-4B4C-801E-E535D815B3C1}"
EndProject
Project("{FAE04EC0-301F-11D3-BF4B-00C04F79EFBC}") = "CodeHelperManager", "Projects\CodeHelperManager\CodeHelperManager.csproj", "{37AC3413-C30B-4A46-9629-405FCA9F0592}"
EndProject
Project("{FAE04EC0-301F-11D3-BF4B-00C04F79EFBC}") = "AttachFileManager", "Projects\AttachFileManager\AttachFileManager.csproj", "{B6176B23-2BA2-4B8D-8880-EA47DEEC8DF5}"
EndProject
Project("{FAE04EC0-301F-11D3-BF4B-00C04F79EFBC}") = "LogInForm", "Projects\LogInForm\LogInForm.csproj", "{4E049B10-7584-4634-9384-BBCC1A1D949A}"
	ProjectSection(ProjectDependencies) = postProject
		{0BDEA723-914A-4A89-8A00-185CDC157480} = {0BDEA723-914A-4A89-8A00-185CDC157480}
	EndProjectSection
EndProject
Project("{FAE04EC0-301F-11D3-BF4B-00C04F79EFBC}") = "PUR", "Projects\PUR\PUR.csproj", "{73BFCB9E-99AF-47C3-BB5B-A3584CD3E926}"
EndProject
Project("{2150E333-8FDC-42A3-9474-1A3956D46DE8}") = "BizManager", "BizManager", "{8178F37A-2E30-49B3-8431-ACA17180281C}"
EndProject
Project("{FAE04EC0-301F-11D3-BF4B-00C04F79EFBC}") = "BizManager", "Projects\BizManager\BizManager\BizManager.csproj", "{6F4F652D-2310-4185-9BB0-06D985E12DDB}"
EndProject
Project("{FAE04EC0-301F-11D3-BF4B-00C04F79EFBC}") = "BizExecute", "Projects\BizManager\BizExcute\BizExecute.csproj", "{FF02F467-F287-4293-AFDC-33B09648101B}"
EndProject
Project("{FAE04EC0-301F-11D3-BF4B-00C04F79EFBC}") = "CUBIZ_BR", "Projects\BizManager\CUBIZ_RULE\CUBIZ_BR.csproj", "{181657D9-41B0-4D44-AB05-CFC4E065F776}"
EndProject
Project("{FAE04EC0-301F-11D3-BF4B-00C04F79EFBC}") = "CUBIZ_DA", "Projects\BizManager\CUBIZ_DA\CUBIZ_DA.csproj", "{226022B9-848E-4111-9094-46087918B318}"
EndProject
Project("{FAE04EC0-301F-11D3-BF4B-00C04F79EFBC}") = "PLN", "Projects\PLN\PLN.csproj", "{D080A92F-DDCE-4483-A169-75DC6CD06342}"
EndProject
Project("{FAE04EC0-301F-11D3-BF4B-00C04F79EFBC}") = "MNT", "Projects\MNT\MNT.csproj", "{4D8B35CD-B4D9-4A67-BC2C-EABAC7F57D16}"
EndProject
Project("{FAE04EC0-301F-11D3-BF4B-00C04F79EFBC}") = "QCT", "Projects\QCT\QCT.csproj", "{C2EBC5BB-1C2A-4CE6-80F1-2D283F167BB7}"
EndProject
Project("{2150E333-8FDC-42A3-9474-1A3956D46DE8}") = "FRM", "FRM", "{CD366AFE-3A50-472E-A934-ABBD66EB5E8B}"
EndProject
Project("{FAE04EC0-301F-11D3-BF4B-00C04F79EFBC}") = "FRM_A0001", "Projects\FRM\FRM_A0001\FRM_A0001.csproj", "{68CAA70E-58A8-4176-BC7D-FF712FEBEB4C}"
EndProject
Project("{FAE04EC0-301F-11D3-BF4B-00C04F79EFBC}") = "FRM_A0002", "Projects\FRM\FRM_A0002\FRM_A0002.csproj", "{99492FE4-CAA0-4621-84F9-76C790B7B285}"
EndProject
Project("{FAE04EC0-301F-11D3-BF4B-00C04F79EFBC}") = "FRM_A0003", "Projects\FRM\FRM_A0003\FRM_A0003.csproj", "{C871AD94-E3B3-4638-9B63-1D44586F9C96}"
EndProject
Project("{FAE04EC0-301F-11D3-BF4B-00C04F79EFBC}") = "FRM_A0004", "Projects\FRM\FRM_A0004\FRM_A0004.csproj", "{8EA68436-4955-4EEC-A8D1-5A6CBE493F9B}"
EndProject
Project("{FAE04EC0-301F-11D3-BF4B-00C04F79EFBC}") = "FRM_A0005", "Projects\FRM\FRM_A0005\FRM_A0005.csproj", "{D2CE0C20-4A14-4107-A2EC-C9BC3C160375}"
EndProject
Project("{FAE04EC0-301F-11D3-BF4B-00C04F79EFBC}") = "FRM_A0006", "Projects\FRM\FRM_A0006\FRM_A0006.csproj", "{9B6A4D19-E973-4722-8F00-06B5B86E3B2F}"
EndProject
Project("{FAE04EC0-301F-11D3-BF4B-00C04F79EFBC}") = "FRM_A0007", "Projects\FRM\FRM_A0007\FRM_A0007.csproj", "{FAC1FA85-AFE5-4570-8F1F-36F7D9CE7FAF}"
EndProject
Project("{FAE04EC0-301F-11D3-BF4B-00C04F79EFBC}") = "TOL", "Projects\TOL\TOL.csproj", "{FEAAFE27-AA5B-49E4-9195-FB7371346C8A}"
EndProject
Project("{FAE04EC0-301F-11D3-BF4B-00C04F79EFBC}") = "HIS", "Projects\HIS\HIS.csproj", "{2E5C6783-D833-4024-9FC5-7D8ACA49C1DF}"
EndProject
Project("{FAE04EC0-301F-11D3-BF4B-00C04F79EFBC}") = "MCN", "Projects\MCN\MCN.csproj", "{3CEF8BA8-55CF-4C76-AF53-168596E402F0}"
EndProject
Project("{FAE04EC0-301F-11D3-BF4B-00C04F79EFBC}") = "WOR", "Projects\WOR\WOR.csproj", "{4E0BCF18-8532-4697-82A9-CBA8DE77B27E}"
EndProject
Project("{FAE04EC0-301F-11D3-BF4B-00C04F79EFBC}") = "MAT", "Projects\MAT\MAT.csproj", "{6A2C9209-7A94-4D51-BB65-A8542839FD33}"
EndProject
Project("{FAE04EC0-301F-11D3-BF4B-00C04F79EFBC}") = "SAN", "Projects\SAN\SAN\SAN.csproj", "{165FED74-F876-4145-9E1A-1838672D4560}"
EndProject
Project("{9A19103F-16F7-4668-BE54-9A1E7A4F7556}") = "QueryApi", "Projects\QueryApi\QueryApi\QueryApi.csproj", "{12495CC5-A63A-4848-A468-380D1691FD0E}"
EndProject
Project("{FAE04EC0-301F-11D3-BF4B-00C04F79EFBC}") = "ControlManager", "Projects\Dev20.ControlManager\ControlManager.csproj", "{1044E528-DA90-49C5-90C2-A98798E3AF00}"
EndProject
Project("{FAE04EC0-301F-11D3-BF4B-00C04F79EFBC}") = "Zebra.Printing", "Projects\Zebra.Printing\Zebra.Printing.csproj", "{0BDEA723-914A-4A89-8A00-185CDC157480}"
EndProject
Global
	GlobalSection(SolutionConfigurationPlatforms) = preSolution
		Debug|Any CPU = Debug|Any CPU
		Debug|x64 = Debug|x64
		Debug|x86 = Debug|x86
		Release|Any CPU = Release|Any CPU
		Release|x64 = Release|x64
		Release|x86 = Release|x86
	EndGlobalSection
	GlobalSection(ProjectConfigurationPlatforms) = postSolution
		{B15F1827-9851-44EF-8168-59855379C9B2}.Debug|Any CPU.ActiveCfg = Debug|Any CPU
		{B15F1827-9851-44EF-8168-59855379C9B2}.Debug|Any CPU.Build.0 = Debug|Any CPU
		{B15F1827-9851-44EF-8168-59855379C9B2}.Debug|x64.ActiveCfg = Debug|x64
		{B15F1827-9851-44EF-8168-59855379C9B2}.Debug|x64.Build.0 = Debug|x64
		{B15F1827-9851-44EF-8168-59855379C9B2}.Debug|x86.ActiveCfg = Debug|x86
		{B15F1827-9851-44EF-8168-59855379C9B2}.Debug|x86.Build.0 = Debug|x86
		{B15F1827-9851-44EF-8168-59855379C9B2}.Release|Any CPU.ActiveCfg = Release|Any CPU
		{B15F1827-9851-44EF-8168-59855379C9B2}.Release|Any CPU.Build.0 = Release|Any CPU
		{B15F1827-9851-44EF-8168-59855379C9B2}.Release|x64.ActiveCfg = Release|x64
		{B15F1827-9851-44EF-8168-59855379C9B2}.Release|x64.Build.0 = Release|x64
		{B15F1827-9851-44EF-8168-59855379C9B2}.Release|x86.ActiveCfg = Release|x86
		{B15F1827-9851-44EF-8168-59855379C9B2}.Release|x86.Build.0 = Release|x86
		{FC7C284D-DAE3-4C4F-9EC4-9CC444C1D71A}.Debug|Any CPU.ActiveCfg = Debug|Any CPU
		{FC7C284D-DAE3-4C4F-9EC4-9CC444C1D71A}.Debug|Any CPU.Build.0 = Debug|Any CPU
		{FC7C284D-DAE3-4C4F-9EC4-9CC444C1D71A}.Debug|x64.ActiveCfg = Debug|x64
		{FC7C284D-DAE3-4C4F-9EC4-9CC444C1D71A}.Debug|x64.Build.0 = Debug|x64
		{FC7C284D-DAE3-4C4F-9EC4-9CC444C1D71A}.Debug|x86.ActiveCfg = Debug|x86
		{FC7C284D-DAE3-4C4F-9EC4-9CC444C1D71A}.Debug|x86.Build.0 = Debug|x86
		{FC7C284D-DAE3-4C4F-9EC4-9CC444C1D71A}.Release|Any CPU.ActiveCfg = Release|Any CPU
		{FC7C284D-DAE3-4C4F-9EC4-9CC444C1D71A}.Release|Any CPU.Build.0 = Release|Any CPU
		{FC7C284D-DAE3-4C4F-9EC4-9CC444C1D71A}.Release|x64.ActiveCfg = Release|x64
		{FC7C284D-DAE3-4C4F-9EC4-9CC444C1D71A}.Release|x64.Build.0 = Release|x64
		{FC7C284D-DAE3-4C4F-9EC4-9CC444C1D71A}.Release|x86.ActiveCfg = Release|x86
		{FC7C284D-DAE3-4C4F-9EC4-9CC444C1D71A}.Release|x86.Build.0 = Release|x86
		{1090360B-9952-4BDA-A380-C4C9B9537C6C}.Debug|Any CPU.ActiveCfg = Debug|Any CPU
		{1090360B-9952-4BDA-A380-C4C9B9537C6C}.Debug|Any CPU.Build.0 = Debug|Any CPU
		{1090360B-9952-4BDA-A380-C4C9B9537C6C}.Debug|x64.ActiveCfg = Debug|x64
		{1090360B-9952-4BDA-A380-C4C9B9537C6C}.Debug|x64.Build.0 = Debug|x64
		{1090360B-9952-4BDA-A380-C4C9B9537C6C}.Debug|x86.ActiveCfg = Debug|x86
		{1090360B-9952-4BDA-A380-C4C9B9537C6C}.Debug|x86.Build.0 = Debug|x86
		{1090360B-9952-4BDA-A380-C4C9B9537C6C}.Release|Any CPU.ActiveCfg = Release|Any CPU
		{1090360B-9952-4BDA-A380-C4C9B9537C6C}.Release|Any CPU.Build.0 = Release|Any CPU
		{1090360B-9952-4BDA-A380-C4C9B9537C6C}.Release|x64.ActiveCfg = Release|x64
		{1090360B-9952-4BDA-A380-C4C9B9537C6C}.Release|x64.Build.0 = Release|x64
		{1090360B-9952-4BDA-A380-C4C9B9537C6C}.Release|x86.ActiveCfg = Release|x86
		{1090360B-9952-4BDA-A380-C4C9B9537C6C}.Release|x86.Build.0 = Release|x86
		{55CA0C64-6D97-42F4-A8D9-FE47BD3E99A2}.Debug|Any CPU.ActiveCfg = Debug|Any CPU
		{55CA0C64-6D97-42F4-A8D9-FE47BD3E99A2}.Debug|Any CPU.Build.0 = Debug|Any CPU
		{55CA0C64-6D97-42F4-A8D9-FE47BD3E99A2}.Debug|x64.ActiveCfg = Debug|x64
		{55CA0C64-6D97-42F4-A8D9-FE47BD3E99A2}.Debug|x64.Build.0 = Debug|x64
		{55CA0C64-6D97-42F4-A8D9-FE47BD3E99A2}.Debug|x86.ActiveCfg = Debug|x86
		{55CA0C64-6D97-42F4-A8D9-FE47BD3E99A2}.Debug|x86.Build.0 = Debug|x86
		{55CA0C64-6D97-42F4-A8D9-FE47BD3E99A2}.Release|Any CPU.ActiveCfg = Release|Any CPU
		{55CA0C64-6D97-42F4-A8D9-FE47BD3E99A2}.Release|Any CPU.Build.0 = Release|Any CPU
		{55CA0C64-6D97-42F4-A8D9-FE47BD3E99A2}.Release|x64.ActiveCfg = Release|x64
		{55CA0C64-6D97-42F4-A8D9-FE47BD3E99A2}.Release|x64.Build.0 = Release|x64
		{55CA0C64-6D97-42F4-A8D9-FE47BD3E99A2}.Release|x86.ActiveCfg = Release|x86
		{55CA0C64-6D97-42F4-A8D9-FE47BD3E99A2}.Release|x86.Build.0 = Release|x86
		{A6DF5EEC-7775-4ADA-B376-3E38EB647F8D}.Debug|Any CPU.ActiveCfg = Debug|Any CPU
		{A6DF5EEC-7775-4ADA-B376-3E38EB647F8D}.Debug|Any CPU.Build.0 = Debug|Any CPU
		{A6DF5EEC-7775-4ADA-B376-3E38EB647F8D}.Debug|x64.ActiveCfg = Debug|x64
		{A6DF5EEC-7775-4ADA-B376-3E38EB647F8D}.Debug|x64.Build.0 = Debug|x64
		{A6DF5EEC-7775-4ADA-B376-3E38EB647F8D}.Debug|x86.ActiveCfg = Debug|x86
		{A6DF5EEC-7775-4ADA-B376-3E38EB647F8D}.Debug|x86.Build.0 = Debug|x86
		{A6DF5EEC-7775-4ADA-B376-3E38EB647F8D}.Release|Any CPU.ActiveCfg = Release|Any CPU
		{A6DF5EEC-7775-4ADA-B376-3E38EB647F8D}.Release|Any CPU.Build.0 = Release|Any CPU
		{A6DF5EEC-7775-4ADA-B376-3E38EB647F8D}.Release|x64.ActiveCfg = Release|x64
		{A6DF5EEC-7775-4ADA-B376-3E38EB647F8D}.Release|x64.Build.0 = Release|x64
		{A6DF5EEC-7775-4ADA-B376-3E38EB647F8D}.Release|x86.ActiveCfg = Release|x86
		{A6DF5EEC-7775-4ADA-B376-3E38EB647F8D}.Release|x86.Build.0 = Release|x86
		{640646B2-D5A0-482A-96B7-B7AB35C7875B}.Debug|Any CPU.ActiveCfg = Debug|Any CPU
		{640646B2-D5A0-482A-96B7-B7AB35C7875B}.Debug|Any CPU.Build.0 = Debug|Any CPU
		{640646B2-D5A0-482A-96B7-B7AB35C7875B}.Debug|x64.ActiveCfg = Debug|x64
		{640646B2-D5A0-482A-96B7-B7AB35C7875B}.Debug|x64.Build.0 = Debug|x64
		{640646B2-D5A0-482A-96B7-B7AB35C7875B}.Debug|x86.ActiveCfg = Debug|x86
		{640646B2-D5A0-482A-96B7-B7AB35C7875B}.Debug|x86.Build.0 = Debug|x86
		{640646B2-D5A0-482A-96B7-B7AB35C7875B}.Release|Any CPU.ActiveCfg = Release|Any CPU
		{640646B2-D5A0-482A-96B7-B7AB35C7875B}.Release|Any CPU.Build.0 = Release|Any CPU
		{640646B2-D5A0-482A-96B7-B7AB35C7875B}.Release|x64.ActiveCfg = Release|x64
		{640646B2-D5A0-482A-96B7-B7AB35C7875B}.Release|x64.Build.0 = Release|x64
		{640646B2-D5A0-482A-96B7-B7AB35C7875B}.Release|x86.ActiveCfg = Release|x86
		{640646B2-D5A0-482A-96B7-B7AB35C7875B}.Release|x86.Build.0 = Release|x86
		{810CDA48-CC1B-4A62-A819-D1555C2A2B33}.Debug|Any CPU.ActiveCfg = Debug|Any CPU
		{810CDA48-CC1B-4A62-A819-D1555C2A2B33}.Debug|Any CPU.Build.0 = Debug|Any CPU
		{810CDA48-CC1B-4A62-A819-D1555C2A2B33}.Debug|x64.ActiveCfg = Debug|x64
		{810CDA48-CC1B-4A62-A819-D1555C2A2B33}.Debug|x64.Build.0 = Debug|x64
		{810CDA48-CC1B-4A62-A819-D1555C2A2B33}.Debug|x86.ActiveCfg = Debug|x86
		{810CDA48-CC1B-4A62-A819-D1555C2A2B33}.Debug|x86.Build.0 = Debug|x86
		{810CDA48-CC1B-4A62-A819-D1555C2A2B33}.Release|Any CPU.ActiveCfg = Release|Any CPU
		{810CDA48-CC1B-4A62-A819-D1555C2A2B33}.Release|Any CPU.Build.0 = Release|Any CPU
		{810CDA48-CC1B-4A62-A819-D1555C2A2B33}.Release|x64.ActiveCfg = Release|x64
		{810CDA48-CC1B-4A62-A819-D1555C2A2B33}.Release|x64.Build.0 = Release|x64
		{810CDA48-CC1B-4A62-A819-D1555C2A2B33}.Release|x86.ActiveCfg = Release|x86
		{810CDA48-CC1B-4A62-A819-D1555C2A2B33}.Release|x86.Build.0 = Release|x86
		{24235D77-189C-4B4C-801E-E535D815B3C1}.Debug|Any CPU.ActiveCfg = Debug|Any CPU
		{24235D77-189C-4B4C-801E-E535D815B3C1}.Debug|Any CPU.Build.0 = Debug|Any CPU
		{24235D77-189C-4B4C-801E-E535D815B3C1}.Debug|x64.ActiveCfg = Debug|Any CPU
		{24235D77-189C-4B4C-801E-E535D815B3C1}.Debug|x86.ActiveCfg = Debug|Any CPU
		{24235D77-189C-4B4C-801E-E535D815B3C1}.Release|Any CPU.ActiveCfg = Release|Any CPU
		{24235D77-189C-4B4C-801E-E535D815B3C1}.Release|Any CPU.Build.0 = Release|Any CPU
		{24235D77-189C-4B4C-801E-E535D815B3C1}.Release|x64.ActiveCfg = Release|Any CPU
		{24235D77-189C-4B4C-801E-E535D815B3C1}.Release|x86.ActiveCfg = Release|Any CPU
		{37AC3413-C30B-4A46-9629-405FCA9F0592}.Debug|Any CPU.ActiveCfg = Debug|Any CPU
		{37AC3413-C30B-4A46-9629-405FCA9F0592}.Debug|Any CPU.Build.0 = Debug|Any CPU
		{37AC3413-C30B-4A46-9629-405FCA9F0592}.Debug|x64.ActiveCfg = Debug|Any CPU
		{37AC3413-C30B-4A46-9629-405FCA9F0592}.Debug|x86.ActiveCfg = Debug|Any CPU
		{37AC3413-C30B-4A46-9629-405FCA9F0592}.Release|Any CPU.ActiveCfg = Release|Any CPU
		{37AC3413-C30B-4A46-9629-405FCA9F0592}.Release|Any CPU.Build.0 = Release|Any CPU
		{37AC3413-C30B-4A46-9629-405FCA9F0592}.Release|x64.ActiveCfg = Release|Any CPU
		{37AC3413-C30B-4A46-9629-405FCA9F0592}.Release|x86.ActiveCfg = Release|Any CPU
		{B6176B23-2BA2-4B8D-8880-EA47DEEC8DF5}.Debug|Any CPU.ActiveCfg = Debug|Any CPU
		{B6176B23-2BA2-4B8D-8880-EA47DEEC8DF5}.Debug|Any CPU.Build.0 = Debug|Any CPU
		{B6176B23-2BA2-4B8D-8880-EA47DEEC8DF5}.Debug|x64.ActiveCfg = Debug|Any CPU
		{B6176B23-2BA2-4B8D-8880-EA47DEEC8DF5}.Debug|x86.ActiveCfg = Debug|Any CPU
		{B6176B23-2BA2-4B8D-8880-EA47DEEC8DF5}.Release|Any CPU.ActiveCfg = Release|Any CPU
		{B6176B23-2BA2-4B8D-8880-EA47DEEC8DF5}.Release|Any CPU.Build.0 = Release|Any CPU
		{B6176B23-2BA2-4B8D-8880-EA47DEEC8DF5}.Release|x64.ActiveCfg = Release|Any CPU
		{B6176B23-2BA2-4B8D-8880-EA47DEEC8DF5}.Release|x86.ActiveCfg = Release|Any CPU
		{4E049B10-7584-4634-9384-BBCC1A1D949A}.Debug|Any CPU.ActiveCfg = Debug|Any CPU
		{4E049B10-7584-4634-9384-BBCC1A1D949A}.Debug|Any CPU.Build.0 = Debug|Any CPU
		{4E049B10-7584-4634-9384-BBCC1A1D949A}.Debug|x64.ActiveCfg = Debug|Any CPU
		{4E049B10-7584-4634-9384-BBCC1A1D949A}.Debug|x86.ActiveCfg = Debug|Any CPU
		{4E049B10-7584-4634-9384-BBCC1A1D949A}.Release|Any CPU.ActiveCfg = Release|Any CPU
		{4E049B10-7584-4634-9384-BBCC1A1D949A}.Release|Any CPU.Build.0 = Release|Any CPU
		{4E049B10-7584-4634-9384-BBCC1A1D949A}.Release|x64.ActiveCfg = Release|Any CPU
		{4E049B10-7584-4634-9384-BBCC1A1D949A}.Release|x86.ActiveCfg = Release|Any CPU
		{73BFCB9E-99AF-47C3-BB5B-A3584CD3E926}.Debug|Any CPU.ActiveCfg = Debug|Any CPU
		{73BFCB9E-99AF-47C3-BB5B-A3584CD3E926}.Debug|Any CPU.Build.0 = Debug|Any CPU
		{73BFCB9E-99AF-47C3-BB5B-A3584CD3E926}.Debug|x64.ActiveCfg = Debug|x64
		{73BFCB9E-99AF-47C3-BB5B-A3584CD3E926}.Debug|x64.Build.0 = Debug|x64
		{73BFCB9E-99AF-47C3-BB5B-A3584CD3E926}.Debug|x86.ActiveCfg = Debug|x86
		{73BFCB9E-99AF-47C3-BB5B-A3584CD3E926}.Debug|x86.Build.0 = Debug|x86
		{73BFCB9E-99AF-47C3-BB5B-A3584CD3E926}.Release|Any CPU.ActiveCfg = Release|Any CPU
		{73BFCB9E-99AF-47C3-BB5B-A3584CD3E926}.Release|Any CPU.Build.0 = Release|Any CPU
		{73BFCB9E-99AF-47C3-BB5B-A3584CD3E926}.Release|x64.ActiveCfg = Release|x64
		{73BFCB9E-99AF-47C3-BB5B-A3584CD3E926}.Release|x64.Build.0 = Release|x64
		{73BFCB9E-99AF-47C3-BB5B-A3584CD3E926}.Release|x86.ActiveCfg = Release|x86
		{73BFCB9E-99AF-47C3-BB5B-A3584CD3E926}.Release|x86.Build.0 = Release|x86
		{6F4F652D-2310-4185-9BB0-06D985E12DDB}.Debug|Any CPU.ActiveCfg = Debug|Any CPU
		{6F4F652D-2310-4185-9BB0-06D985E12DDB}.Debug|Any CPU.Build.0 = Debug|Any CPU
		{6F4F652D-2310-4185-9BB0-06D985E12DDB}.Debug|x64.ActiveCfg = Debug|Any CPU
		{6F4F652D-2310-4185-9BB0-06D985E12DDB}.Debug|x86.ActiveCfg = Debug|Any CPU
		{6F4F652D-2310-4185-9BB0-06D985E12DDB}.Release|Any CPU.ActiveCfg = Release|Any CPU
		{6F4F652D-2310-4185-9BB0-06D985E12DDB}.Release|Any CPU.Build.0 = Release|Any CPU
		{6F4F652D-2310-4185-9BB0-06D985E12DDB}.Release|x64.ActiveCfg = Release|Any CPU
		{6F4F652D-2310-4185-9BB0-06D985E12DDB}.Release|x86.ActiveCfg = Release|Any CPU
		{FF02F467-F287-4293-AFDC-33B09648101B}.Debug|Any CPU.ActiveCfg = Debug|Any CPU
		{FF02F467-F287-4293-AFDC-33B09648101B}.Debug|Any CPU.Build.0 = Debug|Any CPU
		{FF02F467-F287-4293-AFDC-33B09648101B}.Debug|x64.ActiveCfg = Debug|Any CPU
		{FF02F467-F287-4293-AFDC-33B09648101B}.Debug|x86.ActiveCfg = Debug|Any CPU
		{FF02F467-F287-4293-AFDC-33B09648101B}.Release|Any CPU.ActiveCfg = Release|Any CPU
		{FF02F467-F287-4293-AFDC-33B09648101B}.Release|Any CPU.Build.0 = Release|Any CPU
		{FF02F467-F287-4293-AFDC-33B09648101B}.Release|x64.ActiveCfg = Release|Any CPU
		{FF02F467-F287-4293-AFDC-33B09648101B}.Release|x86.ActiveCfg = Release|Any CPU
		{181657D9-41B0-4D44-AB05-CFC4E065F776}.Debug|Any CPU.ActiveCfg = Debug|Any CPU
		{181657D9-41B0-4D44-AB05-CFC4E065F776}.Debug|Any CPU.Build.0 = Debug|Any CPU
		{181657D9-41B0-4D44-AB05-CFC4E065F776}.Debug|x64.ActiveCfg = Debug|Any CPU
		{181657D9-41B0-4D44-AB05-CFC4E065F776}.Debug|x86.ActiveCfg = Debug|Any CPU
		{181657D9-41B0-4D44-AB05-CFC4E065F776}.Release|Any CPU.ActiveCfg = Release|Any CPU
		{181657D9-41B0-4D44-AB05-CFC4E065F776}.Release|Any CPU.Build.0 = Release|Any CPU
		{181657D9-41B0-4D44-AB05-CFC4E065F776}.Release|x64.ActiveCfg = Release|Any CPU
		{181657D9-41B0-4D44-AB05-CFC4E065F776}.Release|x86.ActiveCfg = Release|Any CPU
		{226022B9-848E-4111-9094-46087918B318}.Debug|Any CPU.ActiveCfg = Debug|Any CPU
		{226022B9-848E-4111-9094-46087918B318}.Debug|Any CPU.Build.0 = Debug|Any CPU
		{226022B9-848E-4111-9094-46087918B318}.Debug|x64.ActiveCfg = Debug|Any CPU
		{226022B9-848E-4111-9094-46087918B318}.Debug|x86.ActiveCfg = Debug|Any CPU
		{226022B9-848E-4111-9094-46087918B318}.Release|Any CPU.ActiveCfg = Release|Any CPU
		{226022B9-848E-4111-9094-46087918B318}.Release|Any CPU.Build.0 = Release|Any CPU
		{226022B9-848E-4111-9094-46087918B318}.Release|x64.ActiveCfg = Release|Any CPU
		{226022B9-848E-4111-9094-46087918B318}.Release|x86.ActiveCfg = Release|Any CPU
		{D080A92F-DDCE-4483-A169-75DC6CD06342}.Debug|Any CPU.ActiveCfg = Debug|Any CPU
		{D080A92F-DDCE-4483-A169-75DC6CD06342}.Debug|Any CPU.Build.0 = Debug|Any CPU
		{D080A92F-DDCE-4483-A169-75DC6CD06342}.Debug|x64.ActiveCfg = Debug|x64
		{D080A92F-DDCE-4483-A169-75DC6CD06342}.Debug|x64.Build.0 = Debug|x64
		{D080A92F-DDCE-4483-A169-75DC6CD06342}.Debug|x86.ActiveCfg = Debug|x86
		{D080A92F-DDCE-4483-A169-75DC6CD06342}.Debug|x86.Build.0 = Debug|x86
		{D080A92F-DDCE-4483-A169-75DC6CD06342}.Release|Any CPU.ActiveCfg = Release|Any CPU
		{D080A92F-DDCE-4483-A169-75DC6CD06342}.Release|Any CPU.Build.0 = Release|Any CPU
		{D080A92F-DDCE-4483-A169-75DC6CD06342}.Release|x64.ActiveCfg = Release|x64
		{D080A92F-DDCE-4483-A169-75DC6CD06342}.Release|x64.Build.0 = Release|x64
		{D080A92F-DDCE-4483-A169-75DC6CD06342}.Release|x86.ActiveCfg = Release|x86
		{D080A92F-DDCE-4483-A169-75DC6CD06342}.Release|x86.Build.0 = Release|x86
		{4D8B35CD-B4D9-4A67-BC2C-EABAC7F57D16}.Debug|Any CPU.ActiveCfg = Debug|Any CPU
		{4D8B35CD-B4D9-4A67-BC2C-EABAC7F57D16}.Debug|Any CPU.Build.0 = Debug|Any CPU
		{4D8B35CD-B4D9-4A67-BC2C-EABAC7F57D16}.Debug|x64.ActiveCfg = Debug|x64
		{4D8B35CD-B4D9-4A67-BC2C-EABAC7F57D16}.Debug|x64.Build.0 = Debug|x64
		{4D8B35CD-B4D9-4A67-BC2C-EABAC7F57D16}.Debug|x86.ActiveCfg = Debug|x86
		{4D8B35CD-B4D9-4A67-BC2C-EABAC7F57D16}.Debug|x86.Build.0 = Debug|x86
		{4D8B35CD-B4D9-4A67-BC2C-EABAC7F57D16}.Release|Any CPU.ActiveCfg = Release|Any CPU
		{4D8B35CD-B4D9-4A67-BC2C-EABAC7F57D16}.Release|Any CPU.Build.0 = Release|Any CPU
		{4D8B35CD-B4D9-4A67-BC2C-EABAC7F57D16}.Release|x64.ActiveCfg = Release|x64
		{4D8B35CD-B4D9-4A67-BC2C-EABAC7F57D16}.Release|x64.Build.0 = Release|x64
		{4D8B35CD-B4D9-4A67-BC2C-EABAC7F57D16}.Release|x86.ActiveCfg = Release|x86
		{4D8B35CD-B4D9-4A67-BC2C-EABAC7F57D16}.Release|x86.Build.0 = Release|x86
		{C2EBC5BB-1C2A-4CE6-80F1-2D283F167BB7}.Debug|Any CPU.ActiveCfg = Debug|Any CPU
		{C2EBC5BB-1C2A-4CE6-80F1-2D283F167BB7}.Debug|Any CPU.Build.0 = Debug|Any CPU
		{C2EBC5BB-1C2A-4CE6-80F1-2D283F167BB7}.Debug|x64.ActiveCfg = Debug|Any CPU
		{C2EBC5BB-1C2A-4CE6-80F1-2D283F167BB7}.Debug|x86.ActiveCfg = Debug|Any CPU
		{C2EBC5BB-1C2A-4CE6-80F1-2D283F167BB7}.Release|Any CPU.ActiveCfg = Release|Any CPU
		{C2EBC5BB-1C2A-4CE6-80F1-2D283F167BB7}.Release|Any CPU.Build.0 = Release|Any CPU
		{C2EBC5BB-1C2A-4CE6-80F1-2D283F167BB7}.Release|x64.ActiveCfg = Release|Any CPU
		{C2EBC5BB-1C2A-4CE6-80F1-2D283F167BB7}.Release|x86.ActiveCfg = Release|Any CPU
		{68CAA70E-58A8-4176-BC7D-FF712FEBEB4C}.Debug|Any CPU.ActiveCfg = Debug|Any CPU
		{68CAA70E-58A8-4176-BC7D-FF712FEBEB4C}.Debug|Any CPU.Build.0 = Debug|Any CPU
		{68CAA70E-58A8-4176-BC7D-FF712FEBEB4C}.Debug|x64.ActiveCfg = Debug|Any CPU
		{68CAA70E-58A8-4176-BC7D-FF712FEBEB4C}.Debug|x86.ActiveCfg = Debug|Any CPU
		{68CAA70E-58A8-4176-BC7D-FF712FEBEB4C}.Release|Any CPU.ActiveCfg = Release|Any CPU
		{68CAA70E-58A8-4176-BC7D-FF712FEBEB4C}.Release|Any CPU.Build.0 = Release|Any CPU
		{68CAA70E-58A8-4176-BC7D-FF712FEBEB4C}.Release|x64.ActiveCfg = Release|Any CPU
		{68CAA70E-58A8-4176-BC7D-FF712FEBEB4C}.Release|x86.ActiveCfg = Release|Any CPU
		{99492FE4-CAA0-4621-84F9-76C790B7B285}.Debug|Any CPU.ActiveCfg = Debug|Any CPU
		{99492FE4-CAA0-4621-84F9-76C790B7B285}.Debug|Any CPU.Build.0 = Debug|Any CPU
		{99492FE4-CAA0-4621-84F9-76C790B7B285}.Debug|x64.ActiveCfg = Debug|Any CPU
		{99492FE4-CAA0-4621-84F9-76C790B7B285}.Debug|x86.ActiveCfg = Debug|Any CPU
		{99492FE4-CAA0-4621-84F9-76C790B7B285}.Release|Any CPU.ActiveCfg = Release|Any CPU
		{99492FE4-CAA0-4621-84F9-76C790B7B285}.Release|Any CPU.Build.0 = Release|Any CPU
		{99492FE4-CAA0-4621-84F9-76C790B7B285}.Release|x64.ActiveCfg = Release|Any CPU
		{99492FE4-CAA0-4621-84F9-76C790B7B285}.Release|x86.ActiveCfg = Release|Any CPU
		{C871AD94-E3B3-4638-9B63-1D44586F9C96}.Debug|Any CPU.ActiveCfg = Debug|Any CPU
		{C871AD94-E3B3-4638-9B63-1D44586F9C96}.Debug|Any CPU.Build.0 = Debug|Any CPU
		{C871AD94-E3B3-4638-9B63-1D44586F9C96}.Debug|x64.ActiveCfg = Debug|Any CPU
		{C871AD94-E3B3-4638-9B63-1D44586F9C96}.Debug|x86.ActiveCfg = Debug|Any CPU
		{C871AD94-E3B3-4638-9B63-1D44586F9C96}.Release|Any CPU.ActiveCfg = Release|Any CPU
		{C871AD94-E3B3-4638-9B63-1D44586F9C96}.Release|Any CPU.Build.0 = Release|Any CPU
		{C871AD94-E3B3-4638-9B63-1D44586F9C96}.Release|x64.ActiveCfg = Release|Any CPU
		{C871AD94-E3B3-4638-9B63-1D44586F9C96}.Release|x86.ActiveCfg = Release|Any CPU
		{8EA68436-4955-4EEC-A8D1-5A6CBE493F9B}.Debug|Any CPU.ActiveCfg = Debug|Any CPU
		{8EA68436-4955-4EEC-A8D1-5A6CBE493F9B}.Debug|Any CPU.Build.0 = Debug|Any CPU
		{8EA68436-4955-4EEC-A8D1-5A6CBE493F9B}.Debug|x64.ActiveCfg = Debug|Any CPU
		{8EA68436-4955-4EEC-A8D1-5A6CBE493F9B}.Debug|x86.ActiveCfg = Debug|Any CPU
		{8EA68436-4955-4EEC-A8D1-5A6CBE493F9B}.Release|Any CPU.ActiveCfg = Release|Any CPU
		{8EA68436-4955-4EEC-A8D1-5A6CBE493F9B}.Release|Any CPU.Build.0 = Release|Any CPU
		{8EA68436-4955-4EEC-A8D1-5A6CBE493F9B}.Release|x64.ActiveCfg = Release|Any CPU
		{8EA68436-4955-4EEC-A8D1-5A6CBE493F9B}.Release|x86.ActiveCfg = Release|Any CPU
		{D2CE0C20-4A14-4107-A2EC-C9BC3C160375}.Debug|Any CPU.ActiveCfg = Debug|Any CPU
		{D2CE0C20-4A14-4107-A2EC-C9BC3C160375}.Debug|Any CPU.Build.0 = Debug|Any CPU
		{D2CE0C20-4A14-4107-A2EC-C9BC3C160375}.Debug|x64.ActiveCfg = Debug|Any CPU
		{D2CE0C20-4A14-4107-A2EC-C9BC3C160375}.Debug|x86.ActiveCfg = Debug|Any CPU
		{D2CE0C20-4A14-4107-A2EC-C9BC3C160375}.Release|Any CPU.ActiveCfg = Release|Any CPU
		{D2CE0C20-4A14-4107-A2EC-C9BC3C160375}.Release|Any CPU.Build.0 = Release|Any CPU
		{D2CE0C20-4A14-4107-A2EC-C9BC3C160375}.Release|x64.ActiveCfg = Release|Any CPU
		{D2CE0C20-4A14-4107-A2EC-C9BC3C160375}.Release|x86.ActiveCfg = Release|Any CPU
		{9B6A4D19-E973-4722-8F00-06B5B86E3B2F}.Debug|Any CPU.ActiveCfg = Debug|Any CPU
		{9B6A4D19-E973-4722-8F00-06B5B86E3B2F}.Debug|Any CPU.Build.0 = Debug|Any CPU
		{9B6A4D19-E973-4722-8F00-06B5B86E3B2F}.Debug|x64.ActiveCfg = Debug|Any CPU
		{9B6A4D19-E973-4722-8F00-06B5B86E3B2F}.Debug|x86.ActiveCfg = Debug|Any CPU
		{9B6A4D19-E973-4722-8F00-06B5B86E3B2F}.Release|Any CPU.ActiveCfg = Release|Any CPU
		{9B6A4D19-E973-4722-8F00-06B5B86E3B2F}.Release|Any CPU.Build.0 = Release|Any CPU
		{9B6A4D19-E973-4722-8F00-06B5B86E3B2F}.Release|x64.ActiveCfg = Release|Any CPU
		{9B6A4D19-E973-4722-8F00-06B5B86E3B2F}.Release|x86.ActiveCfg = Release|Any CPU
		{FAC1FA85-AFE5-4570-8F1F-36F7D9CE7FAF}.Debug|Any CPU.ActiveCfg = Debug|Any CPU
		{FAC1FA85-AFE5-4570-8F1F-36F7D9CE7FAF}.Debug|Any CPU.Build.0 = Debug|Any CPU
		{FAC1FA85-AFE5-4570-8F1F-36F7D9CE7FAF}.Debug|x64.ActiveCfg = Debug|Any CPU
		{FAC1FA85-AFE5-4570-8F1F-36F7D9CE7FAF}.Debug|x86.ActiveCfg = Debug|Any CPU
		{FAC1FA85-AFE5-4570-8F1F-36F7D9CE7FAF}.Release|Any CPU.ActiveCfg = Release|Any CPU
		{FAC1FA85-AFE5-4570-8F1F-36F7D9CE7FAF}.Release|Any CPU.Build.0 = Release|Any CPU
		{FAC1FA85-AFE5-4570-8F1F-36F7D9CE7FAF}.Release|x64.ActiveCfg = Release|Any CPU
		{FAC1FA85-AFE5-4570-8F1F-36F7D9CE7FAF}.Release|x86.ActiveCfg = Release|Any CPU
		{FEAAFE27-AA5B-49E4-9195-FB7371346C8A}.Debug|Any CPU.ActiveCfg = Debug|Any CPU
		{FEAAFE27-AA5B-49E4-9195-FB7371346C8A}.Debug|Any CPU.Build.0 = Debug|Any CPU
		{FEAAFE27-AA5B-49E4-9195-FB7371346C8A}.Debug|x64.ActiveCfg = Debug|x64
		{FEAAFE27-AA5B-49E4-9195-FB7371346C8A}.Debug|x64.Build.0 = Debug|x64
		{FEAAFE27-AA5B-49E4-9195-FB7371346C8A}.Debug|x86.ActiveCfg = Debug|x86
		{FEAAFE27-AA5B-49E4-9195-FB7371346C8A}.Debug|x86.Build.0 = Debug|x86
		{FEAAFE27-AA5B-49E4-9195-FB7371346C8A}.Release|Any CPU.ActiveCfg = Release|Any CPU
		{FEAAFE27-AA5B-49E4-9195-FB7371346C8A}.Release|Any CPU.Build.0 = Release|Any CPU
		{FEAAFE27-AA5B-49E4-9195-FB7371346C8A}.Release|x64.ActiveCfg = Release|x64
		{FEAAFE27-AA5B-49E4-9195-FB7371346C8A}.Release|x64.Build.0 = Release|x64
		{FEAAFE27-AA5B-49E4-9195-FB7371346C8A}.Release|x86.ActiveCfg = Release|x86
		{FEAAFE27-AA5B-49E4-9195-FB7371346C8A}.Release|x86.Build.0 = Release|x86
		{2E5C6783-D833-4024-9FC5-7D8ACA49C1DF}.Debug|Any CPU.ActiveCfg = Debug|Any CPU
		{2E5C6783-D833-4024-9FC5-7D8ACA49C1DF}.Debug|Any CPU.Build.0 = Debug|Any CPU
		{2E5C6783-D833-4024-9FC5-7D8ACA49C1DF}.Debug|x64.ActiveCfg = Debug|Any CPU
		{2E5C6783-D833-4024-9FC5-7D8ACA49C1DF}.Debug|x64.Build.0 = Debug|Any CPU
		{2E5C6783-D833-4024-9FC5-7D8ACA49C1DF}.Debug|x86.ActiveCfg = Debug|Any CPU
		{2E5C6783-D833-4024-9FC5-7D8ACA49C1DF}.Debug|x86.Build.0 = Debug|Any CPU
		{2E5C6783-D833-4024-9FC5-7D8ACA49C1DF}.Release|Any CPU.ActiveCfg = Release|Any CPU
		{2E5C6783-D833-4024-9FC5-7D8ACA49C1DF}.Release|Any CPU.Build.0 = Release|Any CPU
		{2E5C6783-D833-4024-9FC5-7D8ACA49C1DF}.Release|x64.ActiveCfg = Release|Any CPU
		{2E5C6783-D833-4024-9FC5-7D8ACA49C1DF}.Release|x64.Build.0 = Release|Any CPU
		{2E5C6783-D833-4024-9FC5-7D8ACA49C1DF}.Release|x86.ActiveCfg = Release|Any CPU
		{2E5C6783-D833-4024-9FC5-7D8ACA49C1DF}.Release|x86.Build.0 = Release|Any CPU
		{3CEF8BA8-55CF-4C76-AF53-168596E402F0}.Debug|Any CPU.ActiveCfg = Debug|Any CPU
		{3CEF8BA8-55CF-4C76-AF53-168596E402F0}.Debug|Any CPU.Build.0 = Debug|Any CPU
		{3CEF8BA8-55CF-4C76-AF53-168596E402F0}.Debug|x64.ActiveCfg = Debug|Any CPU
		{3CEF8BA8-55CF-4C76-AF53-168596E402F0}.Debug|x64.Build.0 = Debug|Any CPU
		{3CEF8BA8-55CF-4C76-AF53-168596E402F0}.Debug|x86.ActiveCfg = Debug|Any CPU
		{3CEF8BA8-55CF-4C76-AF53-168596E402F0}.Debug|x86.Build.0 = Debug|Any CPU
		{3CEF8BA8-55CF-4C76-AF53-168596E402F0}.Release|Any CPU.ActiveCfg = Release|Any CPU
		{3CEF8BA8-55CF-4C76-AF53-168596E402F0}.Release|Any CPU.Build.0 = Release|Any CPU
		{3CEF8BA8-55CF-4C76-AF53-168596E402F0}.Release|x64.ActiveCfg = Release|Any CPU
		{3CEF8BA8-55CF-4C76-AF53-168596E402F0}.Release|x64.Build.0 = Release|Any CPU
		{3CEF8BA8-55CF-4C76-AF53-168596E402F0}.Release|x86.ActiveCfg = Release|Any CPU
		{3CEF8BA8-55CF-4C76-AF53-168596E402F0}.Release|x86.Build.0 = Release|Any CPU
		{4E0BCF18-8532-4697-82A9-CBA8DE77B27E}.Debug|Any CPU.ActiveCfg = Debug|Any CPU
		{4E0BCF18-8532-4697-82A9-CBA8DE77B27E}.Debug|Any CPU.Build.0 = Debug|Any CPU
		{4E0BCF18-8532-4697-82A9-CBA8DE77B27E}.Debug|x64.ActiveCfg = Debug|Any CPU
		{4E0BCF18-8532-4697-82A9-CBA8DE77B27E}.Debug|x64.Build.0 = Debug|Any CPU
		{4E0BCF18-8532-4697-82A9-CBA8DE77B27E}.Debug|x86.ActiveCfg = Debug|Any CPU
		{4E0BCF18-8532-4697-82A9-CBA8DE77B27E}.Debug|x86.Build.0 = Debug|Any CPU
		{4E0BCF18-8532-4697-82A9-CBA8DE77B27E}.Release|Any CPU.ActiveCfg = Release|Any CPU
		{4E0BCF18-8532-4697-82A9-CBA8DE77B27E}.Release|Any CPU.Build.0 = Release|Any CPU
		{4E0BCF18-8532-4697-82A9-CBA8DE77B27E}.Release|x64.ActiveCfg = Release|Any CPU
		{4E0BCF18-8532-4697-82A9-CBA8DE77B27E}.Release|x64.Build.0 = Release|Any CPU
		{4E0BCF18-8532-4697-82A9-CBA8DE77B27E}.Release|x86.ActiveCfg = Release|Any CPU
		{4E0BCF18-8532-4697-82A9-CBA8DE77B27E}.Release|x86.Build.0 = Release|Any CPU
		{6A2C9209-7A94-4D51-BB65-A8542839FD33}.Debug|Any CPU.ActiveCfg = Debug|Any CPU
		{6A2C9209-7A94-4D51-BB65-A8542839FD33}.Debug|Any CPU.Build.0 = Debug|Any CPU
		{6A2C9209-7A94-4D51-BB65-A8542839FD33}.Debug|x64.ActiveCfg = Debug|Any CPU
		{6A2C9209-7A94-4D51-BB65-A8542839FD33}.Debug|x64.Build.0 = Debug|Any CPU
		{6A2C9209-7A94-4D51-BB65-A8542839FD33}.Debug|x86.ActiveCfg = Debug|Any CPU
		{6A2C9209-7A94-4D51-BB65-A8542839FD33}.Debug|x86.Build.0 = Debug|Any CPU
		{6A2C9209-7A94-4D51-BB65-A8542839FD33}.Release|Any CPU.ActiveCfg = Release|Any CPU
		{6A2C9209-7A94-4D51-BB65-A8542839FD33}.Release|Any CPU.Build.0 = Release|Any CPU
		{6A2C9209-7A94-4D51-BB65-A8542839FD33}.Release|x64.ActiveCfg = Release|Any CPU
		{6A2C9209-7A94-4D51-BB65-A8542839FD33}.Release|x64.Build.0 = Release|Any CPU
		{6A2C9209-7A94-4D51-BB65-A8542839FD33}.Release|x86.ActiveCfg = Release|Any CPU
		{6A2C9209-7A94-4D51-BB65-A8542839FD33}.Release|x86.Build.0 = Release|Any CPU
		{165FED74-F876-4145-9E1A-1838672D4560}.Debug|Any CPU.ActiveCfg = Debug|Any CPU
		{165FED74-F876-4145-9E1A-1838672D4560}.Debug|Any CPU.Build.0 = Debug|Any CPU
		{165FED74-F876-4145-9E1A-1838672D4560}.Debug|x64.ActiveCfg = Debug|Any CPU
		{165FED74-F876-4145-9E1A-1838672D4560}.Debug|x64.Build.0 = Debug|Any CPU
		{165FED74-F876-4145-9E1A-1838672D4560}.Debug|x86.ActiveCfg = Debug|Any CPU
		{165FED74-F876-4145-9E1A-1838672D4560}.Debug|x86.Build.0 = Debug|Any CPU
		{165FED74-F876-4145-9E1A-1838672D4560}.Release|Any CPU.ActiveCfg = Release|Any CPU
		{165FED74-F876-4145-9E1A-1838672D4560}.Release|Any CPU.Build.0 = Release|Any CPU
		{165FED74-F876-4145-9E1A-1838672D4560}.Release|x64.ActiveCfg = Release|Any CPU
		{165FED74-F876-4145-9E1A-1838672D4560}.Release|x64.Build.0 = Release|Any CPU
		{165FED74-F876-4145-9E1A-1838672D4560}.Release|x86.ActiveCfg = Release|Any CPU
		{165FED74-F876-4145-9E1A-1838672D4560}.Release|x86.Build.0 = Release|Any CPU
		{12495CC5-A63A-4848-A468-380D1691FD0E}.Debug|Any CPU.ActiveCfg = Debug|Any CPU
		{12495CC5-A63A-4848-A468-380D1691FD0E}.Debug|Any CPU.Build.0 = Debug|Any CPU
		{12495CC5-A63A-4848-A468-380D1691FD0E}.Debug|x64.ActiveCfg = Debug|Any CPU
		{12495CC5-A63A-4848-A468-380D1691FD0E}.Debug|x64.Build.0 = Debug|Any CPU
		{12495CC5-A63A-4848-A468-380D1691FD0E}.Debug|x86.ActiveCfg = Debug|Any CPU
		{12495CC5-A63A-4848-A468-380D1691FD0E}.Debug|x86.Build.0 = Debug|Any CPU
		{12495CC5-A63A-4848-A468-380D1691FD0E}.Release|Any CPU.ActiveCfg = Release|Any CPU
		{12495CC5-A63A-4848-A468-380D1691FD0E}.Release|Any CPU.Build.0 = Release|Any CPU
		{12495CC5-A63A-4848-A468-380D1691FD0E}.Release|x64.ActiveCfg = Release|Any CPU
		{12495CC5-A63A-4848-A468-380D1691FD0E}.Release|x64.Build.0 = Release|Any CPU
		{12495CC5-A63A-4848-A468-380D1691FD0E}.Release|x86.ActiveCfg = Release|Any CPU
		{12495CC5-A63A-4848-A468-380D1691FD0E}.Release|x86.Build.0 = Release|Any CPU
		{1044E528-DA90-49C5-90C2-A98798E3AF00}.Debug|Any CPU.ActiveCfg = Debug|Any CPU
		{1044E528-DA90-49C5-90C2-A98798E3AF00}.Debug|Any CPU.Build.0 = Debug|Any CPU
		{1044E528-DA90-49C5-90C2-A98798E3AF00}.Debug|x64.ActiveCfg = Debug|x64
		{1044E528-DA90-49C5-90C2-A98798E3AF00}.Debug|x64.Build.0 = Debug|x64
		{1044E528-DA90-49C5-90C2-A98798E3AF00}.Debug|x86.ActiveCfg = Debug|x86
		{1044E528-DA90-49C5-90C2-A98798E3AF00}.Debug|x86.Build.0 = Debug|x86
		{1044E528-DA90-49C5-90C2-A98798E3AF00}.Release|Any CPU.ActiveCfg = Release|Any CPU
		{1044E528-DA90-49C5-90C2-A98798E3AF00}.Release|Any CPU.Build.0 = Release|Any CPU
		{1044E528-DA90-49C5-90C2-A98798E3AF00}.Release|x64.ActiveCfg = Release|x64
		{1044E528-DA90-49C5-90C2-A98798E3AF00}.Release|x64.Build.0 = Release|x64
		{1044E528-DA90-49C5-90C2-A98798E3AF00}.Release|x86.ActiveCfg = Release|x86
		{1044E528-DA90-49C5-90C2-A98798E3AF00}.Release|x86.Build.0 = Release|x86
		{0BDEA723-914A-4A89-8A00-185CDC157480}.Debug|Any CPU.ActiveCfg = Debug|Any CPU
		{0BDEA723-914A-4A89-8A00-185CDC157480}.Debug|Any CPU.Build.0 = Debug|Any CPU
		{0BDEA723-914A-4A89-8A00-185CDC157480}.Debug|x64.ActiveCfg = Debug|Any CPU
		{0BDEA723-914A-4A89-8A00-185CDC157480}.Debug|x64.Build.0 = Debug|Any CPU
		{0BDEA723-914A-4A89-8A00-185CDC157480}.Debug|x86.ActiveCfg = Debug|Any CPU
		{0BDEA723-914A-4A89-8A00-185CDC157480}.Debug|x86.Build.0 = Debug|Any CPU
		{0BDEA723-914A-4A89-8A00-185CDC157480}.Release|Any CPU.ActiveCfg = Release|Any CPU
		{0BDEA723-914A-4A89-8A00-185CDC157480}.Release|Any CPU.Build.0 = Release|Any CPU
		{0BDEA723-914A-4A89-8A00-185CDC157480}.Release|x64.ActiveCfg = Release|Any CPU
		{0BDEA723-914A-4A89-8A00-185CDC157480}.Release|x64.Build.0 = Release|Any CPU
		{0BDEA723-914A-4A89-8A00-185CDC157480}.Release|x86.ActiveCfg = Release|Any CPU
		{0BDEA723-914A-4A89-8A00-185CDC157480}.Release|x86.Build.0 = Release|Any CPU
	EndGlobalSection
	GlobalSection(SolutionProperties) = preSolution
		HideSolutionNode = FALSE
	EndGlobalSection
	GlobalSection(NestedProjects) = preSolution
		{B15F1827-9851-44EF-8168-59855379C9B2} = {AAF76669-8182-4C1E-9DD1-EED3490F46C1}
		{FC7C284D-DAE3-4C4F-9EC4-9CC444C1D71A} = {AAF76669-8182-4C1E-9DD1-EED3490F46C1}
		{1090360B-9952-4BDA-A380-C4C9B9537C6C} = {AAF76669-8182-4C1E-9DD1-EED3490F46C1}
		{55CA0C64-6D97-42F4-A8D9-FE47BD3E99A2} = {AAF76669-8182-4C1E-9DD1-EED3490F46C1}
		{A6DF5EEC-7775-4ADA-B376-3E38EB647F8D} = {AAF76669-8182-4C1E-9DD1-EED3490F46C1}
		{640646B2-D5A0-482A-96B7-B7AB35C7875B} = {DEB5DF79-E01C-4979-A950-4C967F6254D4}
		{810CDA48-CC1B-4A62-A819-D1555C2A2B33} = {DEB5DF79-E01C-4979-A950-4C967F6254D4}
		{24235D77-189C-4B4C-801E-E535D815B3C1} = {DEB5DF79-E01C-4979-A950-4C967F6254D4}
		{37AC3413-C30B-4A46-9629-405FCA9F0592} = {DEB5DF79-E01C-4979-A950-4C967F6254D4}
		{B6176B23-2BA2-4B8D-8880-EA47DEEC8DF5} = {DEB5DF79-E01C-4979-A950-4C967F6254D4}
		{4E049B10-7584-4634-9384-BBCC1A1D949A} = {CC6FCCB1-9716-4910-8909-25106F959382}
		{73BFCB9E-99AF-47C3-BB5B-A3584CD3E926} = {AAF76669-8182-4C1E-9DD1-EED3490F46C1}
		{6F4F652D-2310-4185-9BB0-06D985E12DDB} = {8178F37A-2E30-49B3-8431-ACA17180281C}
		{FF02F467-F287-4293-AFDC-33B09648101B} = {8178F37A-2E30-49B3-8431-ACA17180281C}
		{181657D9-41B0-4D44-AB05-CFC4E065F776} = {8178F37A-2E30-49B3-8431-ACA17180281C}
		{226022B9-848E-4111-9094-46087918B318} = {8178F37A-2E30-49B3-8431-ACA17180281C}
		{D080A92F-DDCE-4483-A169-75DC6CD06342} = {AAF76669-8182-4C1E-9DD1-EED3490F46C1}
		{4D8B35CD-B4D9-4A67-BC2C-EABAC7F57D16} = {AAF76669-8182-4C1E-9DD1-EED3490F46C1}
		{C2EBC5BB-1C2A-4CE6-80F1-2D283F167BB7} = {AAF76669-8182-4C1E-9DD1-EED3490F46C1}
		{68CAA70E-58A8-4176-BC7D-FF712FEBEB4C} = {CD366AFE-3A50-472E-A934-ABBD66EB5E8B}
		{99492FE4-CAA0-4621-84F9-76C790B7B285} = {CD366AFE-3A50-472E-A934-ABBD66EB5E8B}
		{C871AD94-E3B3-4638-9B63-1D44586F9C96} = {CD366AFE-3A50-472E-A934-ABBD66EB5E8B}
		{8EA68436-4955-4EEC-A8D1-5A6CBE493F9B} = {CD366AFE-3A50-472E-A934-ABBD66EB5E8B}
		{D2CE0C20-4A14-4107-A2EC-C9BC3C160375} = {CD366AFE-3A50-472E-A934-ABBD66EB5E8B}
		{9B6A4D19-E973-4722-8F00-06B5B86E3B2F} = {CD366AFE-3A50-472E-A934-ABBD66EB5E8B}
		{FAC1FA85-AFE5-4570-8F1F-36F7D9CE7FAF} = {CD366AFE-3A50-472E-A934-ABBD66EB5E8B}
		{FEAAFE27-AA5B-49E4-9195-FB7371346C8A} = {AAF76669-8182-4C1E-9DD1-EED3490F46C1}
		{2E5C6783-D833-4024-9FC5-7D8ACA49C1DF} = {AAF76669-8182-4C1E-9DD1-EED3490F46C1}
		{3CEF8BA8-55CF-4C76-AF53-168596E402F0} = {AAF76669-8182-4C1E-9DD1-EED3490F46C1}
		{4E0BCF18-8532-4697-82A9-CBA8DE77B27E} = {AAF76669-8182-4C1E-9DD1-EED3490F46C1}
		{6A2C9209-7A94-4D51-BB65-A8542839FD33} = {AAF76669-8182-4C1E-9DD1-EED3490F46C1}
		{165FED74-F876-4145-9E1A-1838672D4560} = {AAF76669-8182-4C1E-9DD1-EED3490F46C1}
		{1044E528-DA90-49C5-90C2-A98798E3AF00} = {DEB5DF79-E01C-4979-A950-4C967F6254D4}
		{0BDEA723-914A-4A89-8A00-185CDC157480} = {DEB5DF79-E01C-4979-A950-4C967F6254D4}
	EndGlobalSection
	GlobalSection(ExtensibilityGlobals) = postSolution
		SolutionGuid = {11FD9AF1-8F32-4410-92EC-98D7ABDF5829}
	EndGlobalSection
	GlobalSection(SourceCodeControl) = preSolution
		SccNumberOfProjects = 1
		SccProjectUniqueName0 = Projects\\QueryApi\\QueryApi\\QueryApi.csproj
		SccProjectName0 = \u0022$/디플러스/ProactiveShop(디플러스)\u0022,\u0020CLNMAAAA
		SccLocalPath0 = .
		SccProvider0 = MSSCCI:Microsoft\u0020Visual\u0020SourceSafe
		SccProjectFilePathRelativizedFromConnection0 = Projects\\QueryApi\\QueryApi\\
	EndGlobalSection
EndGlobal
